{
  "version": 4,
  "terraform_version": "1.3.7",
  "serial": 15,
  "lineage": "6694b8fe-980f-623c-b324-8c944099a513",
  "outputs": {},
  "resources": [
    {
      "mode": "managed",
      "type": "azurerm_app_service",
      "name": "einfowebapp",
      "provider": "provider[\"registry.terraform.io/hashicorp/azurerm\"]",
      "instances": [
        {
          "index_key": "einfodevwebapp151694",
          "schema_version": 0,
          "attributes": {
            "app_service_plan_id": "/subscriptions/664b6097-19f2-42a3-be95-a4a6b4069f6b/resourceGroups/sa1_test_eic_DevOpslearning/providers/Microsoft.Web/serverfarms/einfoplan-appserviceplan",
            "app_settings": {
              "SOME_KEY": "some-value"
            },
            "auth_settings": [
              {
                "active_directory": [],
                "additional_login_params": {},
                "allowed_external_redirect_urls": [],
                "default_provider": "",
                "enabled": false,
                "facebook": [],
                "google": [],
                "issuer": "",
                "microsoft": [],
                "runtime_version": "",
                "token_refresh_extension_hours": 0,
                "token_store_enabled": false,
                "twitter": [],
                "unauthenticated_client_action": ""
              }
            ],
            "backup": [],
            "client_affinity_enabled": false,
            "client_cert_enabled": false,
            "client_cert_mode": "Required",
            "connection_string": [
              {
                "name": "Database",
                "type": "SQLServer",
                "value": "Server=some-server.mydomain.com;Integrated Security=SSPI"
              }
            ],
            "custom_domain_verification_id": "C848F64433B1FF8CE5E65183494C9A308CBEE87BB25801AC53E18511403969DF",
            "default_site_hostname": "einfodevwebapp151694.azurewebsites.net",
            "enabled": true,
            "https_only": false,
            "id": "/subscriptions/664b6097-19f2-42a3-be95-a4a6b4069f6b/resourceGroups/sa1_test_eic_DevOpslearning/providers/Microsoft.Web/sites/einfodevwebapp151694",
            "identity": [],
            "key_vault_reference_identity_id": "SystemAssigned",
            "location": "southeastasia",
            "logs": [
              {
                "application_logs": [
                  {
                    "azure_blob_storage": [],
                    "file_system_level": "Off"
                  }
                ],
                "detailed_error_messages_enabled": false,
                "failed_request_tracing_enabled": false,
                "http_logs": [
                  {
                    "azure_blob_storage": [],
                    "file_system": []
                  }
                ]
              }
            ],
            "name": "einfodevwebapp151694",
            "outbound_ip_address_list": [
              "20.24.128.204",
              "20.24.129.218",
              "20.24.128.83",
              "20.24.130.0",
              "20.24.130.87",
              "20.24.130.222",
              "20.212.64.7"
            ],
            "outbound_ip_addresses": "20.24.128.204,20.24.129.218,20.24.128.83,20.24.130.0,20.24.130.87,20.24.130.222,20.212.64.7",
            "possible_outbound_ip_address_list": [
              "20.24.128.204",
              "20.24.129.218",
              "20.24.128.83",
              "20.24.130.0",
              "20.24.130.87",
              "20.24.130.222",
              "20.205.148.184",
              "20.205.148.188",
              "20.205.148.192",
              "20.205.148.194",
              "20.205.149.45",
              "20.205.149.83",
              "20.205.149.142",
              "20.205.149.148",
              "20.205.149.151",
              "20.205.149.166",
              "20.205.149.171",
              "20.205.149.197",
              "20.205.149.223",
              "20.205.149.227",
              "20.205.149.231",
              "20.205.150.64",
              "20.205.150.90",
              "20.205.150.113",
              "20.205.149.244",
              "20.205.148.153",
              "20.205.146.175",
              "20.205.148.165",
              "20.205.148.215",
              "20.205.148.254",
              "20.212.64.7"
            ],
            "possible_outbound_ip_addresses": "20.24.128.204,20.24.129.218,20.24.128.83,20.24.130.0,20.24.130.87,20.24.130.222,20.205.148.184,20.205.148.188,20.205.148.192,20.205.148.194,20.205.149.45,20.205.149.83,20.205.149.142,20.205.149.148,20.205.149.151,20.205.149.166,20.205.149.171,20.205.149.197,20.205.149.223,20.205.149.227,20.205.149.231,20.205.150.64,20.205.150.90,20.205.150.113,20.205.149.244,20.205.148.153,20.205.146.175,20.205.148.165,20.205.148.215,20.205.148.254,20.212.64.7",
            "resource_group_name": "sa1_test_eic_DevOpslearning",
            "site_config": [
              {
                "acr_use_managed_identity_credentials": false,
                "acr_user_managed_identity_client_id": "",
                "always_on": false,
                "app_command_line": "",
                "auto_swap_slot_name": "",
                "cors": [
                  {
                    "allowed_origins": [],
                    "support_credentials": false
                  }
                ],
                "default_documents": null,
                "dotnet_framework_version": "v4.0",
                "ftps_state": "AllAllowed",
                "health_check_path": "",
                "http2_enabled": false,
                "ip_restriction": [],
                "java_container": "",
                "java_container_version": "",
                "java_version": "",
                "linux_fx_version": "",
                "local_mysql_enabled": false,
                "managed_pipeline_mode": "Integrated",
                "min_tls_version": "1.2",
                "number_of_workers": 1,
                "php_version": "",
                "python_version": "",
                "remote_debugging_enabled": false,
                "remote_debugging_version": "VS2019",
                "scm_ip_restriction": [],
                "scm_type": "LocalGit",
                "scm_use_main_ip_restriction": false,
                "use_32_bit_worker_process": false,
                "vnet_route_all_enabled": false,
                "websockets_enabled": false,
                "windows_fx_version": ""
              }
            ],
            "site_credential": [
              {
                "password": "W4gr1aTxcvKQiDofn20dpotPcebpbvyva1cA7APverufPrBbK5XZDxCao8t1",
                "username": "$einfodevwebapp151694"
              }
            ],
            "source_control": [
              {
                "branch": "main",
                "manual_integration": false,
                "repo_url": "https://einfodevwebapp151694.scm.azurewebsites.net",
                "rollback_enabled": false,
                "use_mercurial": false
              }
            ],
            "storage_account": [],
            "tags": {
              "Business Unit": "Einfochips",
              "Create Date": "19-Jan-2023",
              "Delivery Manager": "ravi.jain@einfochips.com",
              "Project Name": "Training and Learning purpose",
              "Resource Owner": "giribabu.chitteni@einfochipsindia.onmicrosoft.com"
            },
            "timeouts": null
          },
          "sensitive_attributes": [],
          "private": "eyJlMmJmYjczMC1lY2FhLTExZTYtOGY4OC0zNDM2M2JjN2M0YzAiOnsiY3JlYXRlIjoxODAwMDAwMDAwMDAwLCJkZWxldGUiOjE4MDAwMDAwMDAwMDAsInJlYWQiOjMwMDAwMDAwMDAwMCwidXBkYXRlIjoxODAwMDAwMDAwMDAwfX0=",
          "dependencies": [
            "azurerm_app_service_plan.einfoplan"
          ]
        },
        {
          "index_key": "einfoprowebapp151694",
          "schema_version": 0,
          "attributes": {
            "app_service_plan_id": "/subscriptions/664b6097-19f2-42a3-be95-a4a6b4069f6b/resourceGroups/sa1_test_eic_DevOpslearning/providers/Microsoft.Web/serverfarms/einfoplan-appserviceplan",
            "app_settings": {
              "SOME_KEY": "some-value"
            },
            "auth_settings": [
              {
                "active_directory": [],
                "additional_login_params": {},
                "allowed_external_redirect_urls": [],
                "default_provider": "",
                "enabled": false,
                "facebook": [],
                "google": [],
                "issuer": "",
                "microsoft": [],
                "runtime_version": "",
                "token_refresh_extension_hours": 0,
                "token_store_enabled": false,
                "twitter": [],
                "unauthenticated_client_action": ""
              }
            ],
            "backup": [],
            "client_affinity_enabled": false,
            "client_cert_enabled": false,
            "client_cert_mode": "Required",
            "connection_string": [
              {
                "name": "Database",
                "type": "SQLServer",
                "value": "Server=some-server.mydomain.com;Integrated Security=SSPI"
              }
            ],
            "custom_domain_verification_id": "C848F64433B1FF8CE5E65183494C9A308CBEE87BB25801AC53E18511403969DF",
            "default_site_hostname": "einfoprowebapp151694.azurewebsites.net",
            "enabled": true,
            "https_only": false,
            "id": "/subscriptions/664b6097-19f2-42a3-be95-a4a6b4069f6b/resourceGroups/sa1_test_eic_DevOpslearning/providers/Microsoft.Web/sites/einfoprowebapp151694",
            "identity": [],
            "key_vault_reference_identity_id": "SystemAssigned",
            "location": "southeastasia",
            "logs": [
              {
                "application_logs": [
                  {
                    "azure_blob_storage": [],
                    "file_system_level": "Off"
                  }
                ],
                "detailed_error_messages_enabled": false,
                "failed_request_tracing_enabled": false,
                "http_logs": [
                  {
                    "azure_blob_storage": [],
                    "file_system": []
                  }
                ]
              }
            ],
            "name": "einfoprowebapp151694",
            "outbound_ip_address_list": [
              "20.24.128.204",
              "20.24.129.218",
              "20.24.128.83",
              "20.24.130.0",
              "20.24.130.87",
              "20.24.130.222",
              "20.212.64.7"
            ],
            "outbound_ip_addresses": "20.24.128.204,20.24.129.218,20.24.128.83,20.24.130.0,20.24.130.87,20.24.130.222,20.212.64.7",
            "possible_outbound_ip_address_list": [
              "20.24.128.204",
              "20.24.129.218",
              "20.24.128.83",
              "20.24.130.0",
              "20.24.130.87",
              "20.24.130.222",
              "20.205.148.184",
              "20.205.148.188",
              "20.205.148.192",
              "20.205.148.194",
              "20.205.149.45",
              "20.205.149.83",
              "20.205.149.142",
              "20.205.149.148",
              "20.205.149.151",
              "20.205.149.166",
              "20.205.149.171",
              "20.205.149.197",
              "20.205.149.223",
              "20.205.149.227",
              "20.205.149.231",
              "20.205.150.64",
              "20.205.150.90",
              "20.205.150.113",
              "20.205.149.244",
              "20.205.148.153",
              "20.205.146.175",
              "20.205.148.165",
              "20.205.148.215",
              "20.205.148.254",
              "20.212.64.7"
            ],
            "possible_outbound_ip_addresses": "20.24.128.204,20.24.129.218,20.24.128.83,20.24.130.0,20.24.130.87,20.24.130.222,20.205.148.184,20.205.148.188,20.205.148.192,20.205.148.194,20.205.149.45,20.205.149.83,20.205.149.142,20.205.149.148,20.205.149.151,20.205.149.166,20.205.149.171,20.205.149.197,20.205.149.223,20.205.149.227,20.205.149.231,20.205.150.64,20.205.150.90,20.205.150.113,20.205.149.244,20.205.148.153,20.205.146.175,20.205.148.165,20.205.148.215,20.205.148.254,20.212.64.7",
            "resource_group_name": "sa1_test_eic_DevOpslearning",
            "site_config": [
              {
                "acr_use_managed_identity_credentials": false,
                "acr_user_managed_identity_client_id": "",
                "always_on": false,
                "app_command_line": "",
                "auto_swap_slot_name": "",
                "cors": [
                  {
                    "allowed_origins": [],
                    "support_credentials": false
                  }
                ],
                "default_documents": null,
                "dotnet_framework_version": "v4.0",
                "ftps_state": "AllAllowed",
                "health_check_path": "",
                "http2_enabled": false,
                "ip_restriction": [],
                "java_container": "",
                "java_container_version": "",
                "java_version": "",
                "linux_fx_version": "",
                "local_mysql_enabled": false,
                "managed_pipeline_mode": "Integrated",
                "min_tls_version": "1.2",
                "number_of_workers": 1,
                "php_version": "",
                "python_version": "",
                "remote_debugging_enabled": false,
                "remote_debugging_version": "VS2019",
                "scm_ip_restriction": [],
                "scm_type": "LocalGit",
                "scm_use_main_ip_restriction": false,
                "use_32_bit_worker_process": false,
                "vnet_route_all_enabled": false,
                "websockets_enabled": false,
                "windows_fx_version": ""
              }
            ],
            "site_credential": [
              {
                "password": "6hkCElrPS0sWRiebmvHBwqn2ar8dTgEfb6TuAXjmbTFgsRqyHHsqeTSGoAM9",
                "username": "$einfoprowebapp151694"
              }
            ],
            "source_control": [
              {
                "branch": "main",
                "manual_integration": false,
                "repo_url": "https://einfoprowebapp151694.scm.azurewebsites.net",
                "rollback_enabled": false,
                "use_mercurial": false
              }
            ],
            "storage_account": [],
            "tags": {
              "Business Unit": "Einfochips",
              "Create Date": "19-Jan-2023",
              "Delivery Manager": "ravi.jain@einfochips.com",
              "Project Name": "Training and Learning purpose",
              "Resource Owner": "giribabu.chitteni@einfochipsindia.onmicrosoft.com"
            },
            "timeouts": null
          },
          "sensitive_attributes": [],
          "private": "eyJlMmJmYjczMC1lY2FhLTExZTYtOGY4OC0zNDM2M2JjN2M0YzAiOnsiY3JlYXRlIjoxODAwMDAwMDAwMDAwLCJkZWxldGUiOjE4MDAwMDAwMDAwMDAsInJlYWQiOjMwMDAwMDAwMDAwMCwidXBkYXRlIjoxODAwMDAwMDAwMDAwfX0=",
          "dependencies": [
            "azurerm_app_service_plan.einfoplan"
          ]
        }
      ]
    },
    {
      "mode": "managed",
      "type": "azurerm_app_service_plan",
      "name": "einfoplan",
      "provider": "provider[\"registry.terraform.io/hashicorp/azurerm\"]",
      "instances": [
        {
          "schema_version": 0,
          "attributes": {
            "app_service_environment_id": "",
            "id": "/subscriptions/664b6097-19f2-42a3-be95-a4a6b4069f6b/resourceGroups/sa1_test_eic_DevOpslearning/providers/Microsoft.Web/serverfarms/einfoplan-appserviceplan",
            "is_xenon": false,
            "kind": "Windows",
            "location": "southeastasia",
            "maximum_elastic_worker_count": 1,
            "maximum_number_of_workers": 3,
            "name": "einfoplan-appserviceplan",
            "per_site_scaling": false,
            "reserved": false,
            "resource_group_name": "sa1_test_eic_DevOpslearning",
            "sku": [
              {
                "capacity": 1,
                "size": "B1",
                "tier": "Basic"
              }
            ],
            "tags": {
              "Business Unit": "Einfochips",
              "Create Date": "19-Jan-2023",
              "Delivery Manager": "ravi.jain@einfochips.com",
              "Project Name": "Training and Learning purpose",
              "Resource Owner": "giribabu.chitteni@einfochipsindia.onmicrosoft.com"
            },
            "timeouts": null,
            "zone_redundant": false
          },
          "sensitive_attributes": [],
          "private": "eyJlMmJmYjczMC1lY2FhLTExZTYtOGY4OC0zNDM2M2JjN2M0YzAiOnsiY3JlYXRlIjozNjAwMDAwMDAwMDAwLCJkZWxldGUiOjM2MDAwMDAwMDAwMDAsInJlYWQiOjMwMDAwMDAwMDAwMCwidXBkYXRlIjozNjAwMDAwMDAwMDAwfX0="
        }
      ]
    },
    {
      "mode": "managed",
      "type": "azurerm_storage_account",
      "name": "einfoappstore151694",
      "provider": "provider[\"registry.terraform.io/hashicorp/azurerm\"]",
      "instances": [
        {
          "schema_version": 3,
          "attributes": {
            "access_tier": "Hot",
            "account_kind": "StorageV2",
            "account_replication_type": "LRS",
            "account_tier": "Standard",
            "allow_nested_items_to_be_public": true,
            "azure_files_authentication": [],
            "blob_properties": [
              {
                "change_feed_enabled": false,
                "container_delete_retention_policy": [],
                "cors_rule": [],
                "default_service_version": "",
                "delete_retention_policy": [],
                "last_access_time_enabled": false,
                "versioning_enabled": false
              }
            ],
            "cross_tenant_replication_enabled": true,
            "custom_domain": [],
            "customer_managed_key": [],
            "edge_zone": "",
            "enable_https_traffic_only": true,
            "id": "/subscriptions/664b6097-19f2-42a3-be95-a4a6b4069f6b/resourceGroups/sa1_test_eic_DevOpslearning/providers/Microsoft.Storage/storageAccounts/einfoappstore151694",
            "identity": [],
            "infrastructure_encryption_enabled": false,
            "is_hns_enabled": false,
            "large_file_share_enabled": null,
            "location": "southeastasia",
            "min_tls_version": "TLS1_2",
            "name": "einfoappstore151694",
            "network_rules": [
              {
                "bypass": [
                  "AzureServices"
                ],
                "default_action": "Allow",
                "ip_rules": [],
                "private_link_access": [],
                "virtual_network_subnet_ids": []
              }
            ],
            "nfsv3_enabled": false,
            "primary_access_key": "X1SW4MU9G2syH6XVBhEHiZZ8rWvldoUxVT60WM/y/Mx6nsLokGOIlqyVujqaiHK8RcS+ANYnFFll+AStLhERDg==",
            "primary_blob_connection_string": "DefaultEndpointsProtocol=https;BlobEndpoint=https://einfoappstore151694.blob.core.windows.net/;AccountName=einfoappstore151694;AccountKey=X1SW4MU9G2syH6XVBhEHiZZ8rWvldoUxVT60WM/y/Mx6nsLokGOIlqyVujqaiHK8RcS+ANYnFFll+AStLhERDg==",
            "primary_blob_endpoint": "https://einfoappstore151694.blob.core.windows.net/",
            "primary_blob_host": "einfoappstore151694.blob.core.windows.net",
            "primary_connection_string": "DefaultEndpointsProtocol=https;AccountName=einfoappstore151694;AccountKey=X1SW4MU9G2syH6XVBhEHiZZ8rWvldoUxVT60WM/y/Mx6nsLokGOIlqyVujqaiHK8RcS+ANYnFFll+AStLhERDg==;EndpointSuffix=core.windows.net",
            "primary_dfs_endpoint": "https://einfoappstore151694.dfs.core.windows.net/",
            "primary_dfs_host": "einfoappstore151694.dfs.core.windows.net",
            "primary_file_endpoint": "https://einfoappstore151694.file.core.windows.net/",
            "primary_file_host": "einfoappstore151694.file.core.windows.net",
            "primary_location": "southeastasia",
            "primary_queue_endpoint": "https://einfoappstore151694.queue.core.windows.net/",
            "primary_queue_host": "einfoappstore151694.queue.core.windows.net",
            "primary_table_endpoint": "https://einfoappstore151694.table.core.windows.net/",
            "primary_table_host": "einfoappstore151694.table.core.windows.net",
            "primary_web_endpoint": "https://einfoappstore151694.z23.web.core.windows.net/",
            "primary_web_host": "einfoappstore151694.z23.web.core.windows.net",
            "queue_encryption_key_type": "Service",
            "queue_properties": [
              {
                "cors_rule": [],
                "hour_metrics": [
                  {
                    "enabled": true,
                    "include_apis": true,
                    "retention_policy_days": 7,
                    "version": "1.0"
                  }
                ],
                "logging": [
                  {
                    "delete": false,
                    "read": false,
                    "retention_policy_days": 0,
                    "version": "1.0",
                    "write": false
                  }
                ],
                "minute_metrics": [
                  {
                    "enabled": false,
                    "include_apis": false,
                    "retention_policy_days": 0,
                    "version": "1.0"
                  }
                ]
              }
            ],
            "resource_group_name": "sa1_test_eic_DevOpslearning",
            "routing": [],
            "secondary_access_key": "2dMf8QwyENSiul9+11FnNkF2/zjgp3fCLPmkJ06LfKM3Co4vJ+kxbHhDX9yhUOIMassOrIf88drN+AStj3bUGw==",
            "secondary_blob_connection_string": "",
            "secondary_blob_endpoint": null,
            "secondary_blob_host": null,
            "secondary_connection_string": "DefaultEndpointsProtocol=https;AccountName=einfoappstore151694;AccountKey=2dMf8QwyENSiul9+11FnNkF2/zjgp3fCLPmkJ06LfKM3Co4vJ+kxbHhDX9yhUOIMassOrIf88drN+AStj3bUGw==;EndpointSuffix=core.windows.net",
            "secondary_dfs_endpoint": null,
            "secondary_dfs_host": null,
            "secondary_file_endpoint": null,
            "secondary_file_host": null,
            "secondary_location": "",
            "secondary_queue_endpoint": null,
            "secondary_queue_host": null,
            "secondary_table_endpoint": null,
            "secondary_table_host": null,
            "secondary_web_endpoint": null,
            "secondary_web_host": null,
            "share_properties": [
              {
                "cors_rule": [],
                "retention_policy": [
                  {
                    "days": 7
                  }
                ],
                "smb": []
              }
            ],
            "shared_access_key_enabled": true,
            "static_website": [],
            "table_encryption_key_type": "Service",
            "tags": {
              "Business Unit": "Einfochips",
              "Create Date": "19-Jan-2023",
              "Delivery Manager": "ravi.jain@einfochips.com",
              "Project Name": "Training and Learning purpose",
              "Resource Owner": "giribabu.chitteni@einfochipsindia.onmicrosoft.com"
            },
            "timeouts": null
          },
          "sensitive_attributes": [],
          "private": "eyJlMmJmYjczMC1lY2FhLTExZTYtOGY4OC0zNDM2M2JjN2M0YzAiOnsiY3JlYXRlIjozNjAwMDAwMDAwMDAwLCJkZWxldGUiOjM2MDAwMDAwMDAwMDAsInJlYWQiOjMwMDAwMDAwMDAwMCwidXBkYXRlIjozNjAwMDAwMDAwMDAwfSwic2NoZW1hX3ZlcnNpb24iOiIzIn0="
        }
      ]
    },
    {
      "mode": "managed",
      "type": "azurerm_storage_blob",
      "name": "blobinfo",
      "provider": "provider[\"registry.terraform.io/hashicorp/azurerm\"]",
      "instances": [
        {
          "schema_version": 1,
          "attributes": {
            "access_tier": "Hot",
            "cache_control": "",
            "content_md5": "",
            "content_type": "application/octet-stream",
            "id": "https://einfoappstore151694.blob.core.windows.net/data/einfo",
            "metadata": {},
            "name": "einfo",
            "parallelism": 8,
            "size": 0,
            "source": "main.tf",
            "source_content": null,
            "source_uri": null,
            "storage_account_name": "einfoappstore151694",
            "storage_container_name": "data",
            "timeouts": null,
            "type": "Block",
            "url": "https://einfoappstore151694.blob.core.windows.net/data/einfo"
          },
          "sensitive_attributes": [],
          "private": "eyJlMmJmYjczMC1lY2FhLTExZTYtOGY4OC0zNDM2M2JjN2M0YzAiOnsiY3JlYXRlIjoxODAwMDAwMDAwMDAwLCJkZWxldGUiOjE4MDAwMDAwMDAwMDAsInJlYWQiOjMwMDAwMDAwMDAwMCwidXBkYXRlIjoxODAwMDAwMDAwMDAwfSwic2NoZW1hX3ZlcnNpb24iOiIxIn0=",
          "dependencies": [
            "azurerm_storage_account.einfoappstore151694",
            "azurerm_storage_container.data"
          ]
        }
      ]
    },
    {
      "mode": "managed",
      "type": "azurerm_storage_container",
      "name": "data",
      "provider": "provider[\"registry.terraform.io/hashicorp/azurerm\"]",
      "instances": [
        {
          "schema_version": 1,
          "attributes": {
            "container_access_type": "blob",
            "has_immutability_policy": false,
            "has_legal_hold": false,
            "id": "https://einfoappstore151694.blob.core.windows.net/data",
            "metadata": {},
            "name": "data",
            "resource_manager_id": "/subscriptions/664b6097-19f2-42a3-be95-a4a6b4069f6b/resourceGroups/sa1_test_eic_DevOpslearning/providers/Microsoft.Storage/storageAccounts/einfoappstore151694/blobServices/default/containers/data",
            "storage_account_name": "einfoappstore151694",
            "timeouts": null
          },
          "sensitive_attributes": [],
          "private": "eyJlMmJmYjczMC1lY2FhLTExZTYtOGY4OC0zNDM2M2JjN2M0YzAiOnsiY3JlYXRlIjoxODAwMDAwMDAwMDAwLCJkZWxldGUiOjE4MDAwMDAwMDAwMDAsInJlYWQiOjMwMDAwMDAwMDAwMCwidXBkYXRlIjoxODAwMDAwMDAwMDAwfSwic2NoZW1hX3ZlcnNpb24iOiIxIn0=",
          "dependencies": [
            "azurerm_storage_account.einfoappstore151694"
          ]
        }
      ]
    }
  ],
  "check_results": null
}
